
Microsoft Visual Studio Solution File, Format Version 12.00
# Visual Studio Version 16
VisualStudioVersion = 16.0.29009.5
MinimumVisualStudioVersion = 10.0.40219.1
Project("{FAE04EC0-301F-11D3-BF4B-00C04F79EFBC}") = "CChat", "ChatBox\CChat.csproj", "{6B58DF86-4016-4820-8CA4-2FA91C535335}"
EndProject
Project("{FAE04EC0-301F-11D3-BF4B-00C04F79EFBC}") = "CServer", "ServerChatBox\CServer.csproj", "{28BF853C-DE7A-492A-B6FB-B21576052267}"
EndProject
Project("{FAE04EC0-301F-11D3-BF4B-00C04F79EFBC}") = "CommonTypes", "CommonTypes\CommonTypes.csproj", "{18FA32B4-7B40-4F93-B69F-1DDF6FD1A9FA}"
EndProject
Global
	GlobalSection(SolutionConfigurationPlatforms) = preSolution
		Debug|Any CPU = Debug|Any CPU
		Release|Any CPU = Release|Any CPU
	EndGlobalSection
	GlobalSection(ProjectConfigurationPlatforms) = postSolution
		{6B58DF86-4016-4820-8CA4-2FA91C535335}.Debug|Any CPU.ActiveCfg = Debug|Any CPU
		{6B58DF86-4016-4820-8CA4-2FA91C535335}.Debug|Any CPU.Build.0 = Debug|Any CPU
		{6B58DF86-4016-4820-8CA4-2FA91C535335}.Release|Any CPU.ActiveCfg = Release|Any CPU
		{6B58DF86-4016-4820-8CA4-2FA91C535335}.Release|Any CPU.Build.0 = Release|Any CPU
		{28BF853C-DE7A-492A-B6FB-B21576052267}.Debug|Any CPU.ActiveCfg = Debug|Any CPU
		{28BF853C-DE7A-492A-B6FB-B21576052267}.Debug|Any CPU.Build.0 = Debug|Any CPU
		{28BF853C-DE7A-492A-B6FB-B21576052267}.Release|Any CPU.ActiveCfg = Release|Any CPU
		{28BF853C-DE7A-492A-B6FB-B21576052267}.Release|Any CPU.Build.0 = Release|Any CPU
		{18FA32B4-7B40-4F93-B69F-1DDF6FD1A9FA}.Debug|Any CPU.ActiveCfg = Debug|Any CPU
		{18FA32B4-7B40-4F93-B69F-1DDF6FD1A9FA}.Debug|Any CPU.Build.0 = Debug|Any CPU
		{18FA32B4-7B40-4F93-B69F-1DDF6FD1A9FA}.Release|Any CPU.ActiveCfg = Release|Any CPU
		{18FA32B4-7B40-4F93-B69F-1DDF6FD1A9FA}.Release|Any CPU.Build.0 = Release|Any CPU
	EndGlobalSection
	GlobalSection(SolutionProperties) = preSolution
		HideSolutionNode = FALSE
	EndGlobalSection
	GlobalSection(ExtensibilityGlobals) = postSolution
		SolutionGuid = {C126E7C3-041B-4847-B27E-2D14E69CE01B}
	EndGlobalSection
EndGlobal
